
Microsoft Visual Studio Solution File, Format Version 12.00
# Visual Studio Version 17
VisualStudioVersion = 17.2.32616.157
MinimumVisualStudioVersion = 10.0.40219.1
Project("{FAE04EC0-301F-11D3-BF4B-00C04F79EFBC}") = "PPUke4Marija", "PPUke4Marija.csproj", "{62EA2F84-EF9B-4871-8A7E-283FAFDD1DD1}"
EndProject
Global
	GlobalSection(SolutionConfigurationPlatforms) = preSolution
		Debug|Any CPU = Debug|Any CPU
		Release|Any CPU = Release|Any CPU
	EndGlobalSection
	GlobalSection(ProjectConfigurationPlatforms) = postSolution
		{62EA2F84-EF9B-4871-8A7E-283FAFDD1DD1}.Debug|Any CPU.ActiveCfg = Debug|Any CPU
		{62EA2F84-EF9B-4871-8A7E-283FAFDD1DD1}.Debug|Any CPU.Build.0 = Debug|Any CPU
		{62EA2F84-EF9B-4871-8A7E-283FAFDD1DD1}.Release|Any CPU.ActiveCfg = Release|Any CPU
		{62EA2F84-EF9B-4871-8A7E-283FAFDD1DD1}.Release|Any CPU.Build.0 = Release|Any CPU
	EndGlobalSection
	GlobalSection(SolutionProperties) = preSolution
		HideSolutionNode = FALSE
	EndGlobalSection
	GlobalSection(ExtensibilityGlobals) = postSolution
		SolutionGuid = {44E3F848-8AAF-492B-BFFF-EC37342CF5F7}
	EndGlobalSection
EndGlobal
